
Microsoft Visual Studio Solution File, Format Version 12.00
# Visual Studio Version 17
VisualStudioVersion = 17.10.35122.118
MinimumVisualStudioVersion = 10.0.40219.1
Project("{FAE04EC0-301F-11D3-BF4B-00C04F79EFBC}") = "Student Crud Operation Using Session State In Asp.net Core MVC", "Student Crud Operation Using Session State In Asp.net Core MVC.csproj", "{ED56E920-C45D-41F1-BE17-DE83ECB2E5AB}"
EndProject
Project("{FAE04EC0-301F-11D3-BF4B-00C04F79EFBC}") = "StudentCrudUnitTest", "..\StudentCrudUnitTest\StudentCrudUnitTest.csproj", "{F81168DD-E1D6-4A11-98A8-773DFBB7D1DF}"
EndProject
Global
	GlobalSection(SolutionConfigurationPlatforms) = preSolution
		Debug|Any CPU = Debug|Any CPU
		Release|Any CPU = Release|Any CPU
	EndGlobalSection
	GlobalSection(ProjectConfigurationPlatforms) = postSolution
		{ED56E920-C45D-41F1-BE17-DE83ECB2E5AB}.Debug|Any CPU.ActiveCfg = Debug|Any CPU
		{ED56E920-C45D-41F1-BE17-DE83ECB2E5AB}.Debug|Any CPU.Build.0 = Debug|Any CPU
		{ED56E920-C45D-41F1-BE17-DE83ECB2E5AB}.Release|Any CPU.ActiveCfg = Release|Any CPU
		{ED56E920-C45D-41F1-BE17-DE83ECB2E5AB}.Release|Any CPU.Build.0 = Release|Any CPU
		{F81168DD-E1D6-4A11-98A8-773DFBB7D1DF}.Debug|Any CPU.ActiveCfg = Debug|Any CPU
		{F81168DD-E1D6-4A11-98A8-773DFBB7D1DF}.Debug|Any CPU.Build.0 = Debug|Any CPU
		{F81168DD-E1D6-4A11-98A8-773DFBB7D1DF}.Release|Any CPU.ActiveCfg = Release|Any CPU
		{F81168DD-E1D6-4A11-98A8-773DFBB7D1DF}.Release|Any CPU.Build.0 = Release|Any CPU
	EndGlobalSection
	GlobalSection(SolutionProperties) = preSolution
		HideSolutionNode = FALSE
	EndGlobalSection
	GlobalSection(ExtensibilityGlobals) = postSolution
		SolutionGuid = {BD81EC44-AFBB-4EB0-BD24-A24256F2A3C0}
	EndGlobalSection
EndGlobal
